// !$*UTF8*$!
{
	archiveVersion = 1;
	classes = {
	};
	objectVersion = 56;
	objects = {

/* Begin PBXBuildFile section */
		80FC82F82C984035004F8D2C /* LOTRConverterApp.swift in Sources */ = {isa = PBXBuildFile; fileRef = 80FC82F72C984035004F8D2C /* LOTRConverterApp.swift */; };
		80FC82FA2C984035004F8D2C /* ContentView.swift in Sources */ = {isa = PBXBuildFile; fileRef = 80FC82F92C984035004F8D2C /* ContentView.swift */; };
		80FC82FC2C984037004F8D2C /* Assets.xcassets in Resources */ = {isa = PBXBuildFile; fileRef = 80FC82FB2C984037004F8D2C /* Assets.xcassets */; };
		80FC82FF2C984037004F8D2C /* Preview Assets.xcassets in Resources */ = {isa = PBXBuildFile; fileRef = 80FC82FE2C984037004F8D2C /* Preview Assets.xcassets */; };
		80FC83062C98638B004F8D2C /* ExchangeInfo.swift in Sources */ = {isa = PBXBuildFile; fileRef = 80FC83052C98638B004F8D2C /* ExchangeInfo.swift */; };
		80FC83082C986844004F8D2C /* ExchangeRate.swift in Sources */ = {isa = PBXBuildFile; fileRef = 80FC83072C986844004F8D2C /* ExchangeRate.swift */; };
		80FC830A2C9875E6004F8D2C /* SelectCurrency.swift in Sources */ = {isa = PBXBuildFile; fileRef = 80FC83092C9875E6004F8D2C /* SelectCurrency.swift */; };
		80FC830C2C98798E004F8D2C /* CurrencyIcon.swift in Sources */ = {isa = PBXBuildFile; fileRef = 80FC830B2C98798E004F8D2C /* CurrencyIcon.swift */; };
		80FC830E2C989021004F8D2C /* Currency.swift in Sources */ = {isa = PBXBuildFile; fileRef = 80FC830D2C989021004F8D2C /* Currency.swift */; };
		80FC83102C989A20004F8D2C /* IconGrid.swift in Sources */ = {isa = PBXBuildFile; fileRef = 80FC830F2C989A20004F8D2C /* IconGrid.swift */; };
		80FC83122C98BF3E004F8D2C /* CurrencyTip.swift in Sources */ = {isa = PBXBuildFile; fileRef = 80FC83112C98BF3E004F8D2C /* CurrencyTip.swift */; };
/* End PBXBuildFile section */

/* Begin PBXFileReference section */
		80FC82F42C984035004F8D2C /* LOTRConverter.app */ = {isa = PBXFileReference; explicitFileType = wrapper.application; includeInIndex = 0; path = LOTRConverter.app; sourceTree = BUILT_PRODUCTS_DIR; };
		80FC82F72C984035004F8D2C /* LOTRConverterApp.swift */ = {isa = PBXFileReference; lastKnownFileType = sourcecode.swift; path = LOTRConverterApp.swift; sourceTree = "<group>"; };
		80FC82F92C984035004F8D2C /* ContentView.swift */ = {isa = PBXFileReference; lastKnownFileType = sourcecode.swift; path = ContentView.swift; sourceTree = "<group>"; };
		80FC82FB2C984037004F8D2C /* Assets.xcassets */ = {isa = PBXFileReference; lastKnownFileType = folder.assetcatalog; path = Assets.xcassets; sourceTree = "<group>"; };
		80FC82FE2C984037004F8D2C /* Preview Assets.xcassets */ = {isa = PBXFileReference; lastKnownFileType = folder.assetcatalog; path = "Preview Assets.xcassets"; sourceTree = "<group>"; };
		80FC83052C98638B004F8D2C /* ExchangeInfo.swift */ = {isa = PBXFileReference; lastKnownFileType = sourcecode.swift; path = ExchangeInfo.swift; sourceTree = "<group>"; };
		80FC83072C986844004F8D2C /* ExchangeRate.swift */ = {isa = PBXFileReference; lastKnownFileType = sourcecode.swift; path = ExchangeRate.swift; sourceTree = "<group>"; };
		80FC83092C9875E6004F8D2C /* SelectCurrency.swift */ = {isa = PBXFileReference; lastKnownFileType = sourcecode.swift; path = SelectCurrency.swift; sourceTree = "<group>"; };
		80FC830B2C98798E004F8D2C /* CurrencyIcon.swift */ = {isa = PBXFileReference; lastKnownFileType = sourcecode.swift; path = CurrencyIcon.swift; sourceTree = "<group>"; };
		80FC830D2C989021004F8D2C /* Currency.swift */ = {isa = PBXFileReference; lastKnownFileType = sourcecode.swift; path = Currency.swift; sourceTree = "<group>"; };
		80FC830F2C989A20004F8D2C /* IconGrid.swift */ = {isa = PBXFileReference; lastKnownFileType = sourcecode.swift; path = IconGrid.swift; sourceTree = "<group>"; };
		80FC83112C98BF3E004F8D2C /* CurrencyTip.swift */ = {isa = PBXFileReference; lastKnownFileType = sourcecode.swift; path = CurrencyTip.swift; sourceTree = "<group>"; };
/* End PBXFileReference section */

/* Begin PBXFrameworksBuildPhase section */
		80FC82F12C984035004F8D2C /* Frameworks */ = {
			isa = PBXFrameworksBuildPhase;
			buildActionMask = 2147483647;
			files = (
			);
			runOnlyForDeploymentPostprocessing = 0;
		};
/* End PBXFrameworksBuildPhase section */

/* Begin PBXGroup section */
		80FC82EB2C984035004F8D2C = {
			isa = PBXGroup;
			children = (
				80FC82F62C984035004F8D2C /* LOTRConverter */,
				80FC82F52C984035004F8D2C /* Products */,
			);
			sourceTree = "<group>";
		};
		80FC82F52C984035004F8D2C /* Products */ = {
			isa = PBXGroup;
			children = (
				80FC82F42C984035004F8D2C /* LOTRConverter.app */,
			);
			name = Products;
			sourceTree = "<group>";
		};
		80FC82F62C984035004F8D2C /* LOTRConverter */ = {
			isa = PBXGroup;
			children = (
				80FC82F72C984035004F8D2C /* LOTRConverterApp.swift */,
				80FC82F92C984035004F8D2C /* ContentView.swift */,
				80FC83092C9875E6004F8D2C /* SelectCurrency.swift */,
				80FC830F2C989A20004F8D2C /* IconGrid.swift */,
				80FC830D2C989021004F8D2C /* Currency.swift */,
				80FC830B2C98798E004F8D2C /* CurrencyIcon.swift */,
				80FC83052C98638B004F8D2C /* ExchangeInfo.swift */,
				80FC83072C986844004F8D2C /* ExchangeRate.swift */,
				80FC83112C98BF3E004F8D2C /* CurrencyTip.swift */,
				80FC82FB2C984037004F8D2C /* Assets.xcassets */,
				80FC82FD2C984037004F8D2C /* Preview Content */,
			);
			path = LOTRConverter;
			sourceTree = "<group>";
		};
		80FC82FD2C984037004F8D2C /* Preview Content */ = {
			isa = PBXGroup;
			children = (
				80FC82FE2C984037004F8D2C /* Preview Assets.xcassets */,
			);
			path = "Preview Content";
			sourceTree = "<group>";
		};
/* End PBXGroup section */

/* Begin PBXNativeTarget section */
		80FC82F32C984035004F8D2C /* LOTRConverter */ = {
			isa = PBXNativeTarget;
			buildConfigurationList = 80FC83022C984037004F8D2C /* Build configuration list for PBXNativeTarget "LOTRConverter" */;
			buildPhases = (
				80FC82F02C984035004F8D2C /* Sources */,
				80FC82F12C984035004F8D2C /* Frameworks */,
				80FC82F22C984035004F8D2C /* Resources */,
			);
			buildRules = (
			);
			dependencies = (
			);
			name = LOTRConverter;
			productName = LOTRConverter;
			productReference = 80FC82F42C984035004F8D2C /* LOTRConverter.app */;
			productType = "com.apple.product-type.application";
		};
/* End PBXNativeTarget section */

/* Begin PBXProject section */
		80FC82EC2C984035004F8D2C /* Project object */ = {
			isa = PBXProject;
			attributes = {
				BuildIndependentTargetsInParallel = 1;
				LastSwiftUpdateCheck = 1540;
				LastUpgradeCheck = 1540;
				TargetAttributes = {
					80FC82F32C984035004F8D2C = {
						CreatedOnToolsVersion = 15.4;
					};
				};
			};
			buildConfigurationList = 80FC82EF2C984035004F8D2C /* Build configuration list for PBXProject "LOTRConverter" */;
			compatibilityVersion = "Xcode 14.0";
			developmentRegion = en;
			hasScannedForEncodings = 0;
			knownRegions = (
				en,
				Base,
			);
			mainGroup = 80FC82EB2C984035004F8D2C;
			productRefGroup = 80FC82F52C984035004F8D2C /* Products */;
			projectDirPath = "";
			projectRoot = "";
			targets = (
				80FC82F32C984035004F8D2C /* LOTRConverter */,
			);
		};
/* End PBXProject section */

/* Begin PBXResourcesBuildPhase section */
		80FC82F22C984035004F8D2C /* Resources */ = {
			isa = PBXResourcesBuildPhase;
			buildActionMask = 2147483647;
			files = (
				80FC82FF2C984037004F8D2C /* Preview Assets.xcassets in Resources */,
				80FC82FC2C984037004F8D2C /* Assets.xcassets in Resources */,
			);
			runOnlyForDeploymentPostprocessing = 0;
		};
/* End PBXResourcesBuildPhase section */

/* Begin PBXSourcesBuildPhase section */
		80FC82F02C984035004F8D2C /* Sources */ = {
			isa = PBXSourcesBuildPhase;
			buildActionMask = 2147483647;
			files = (
				80FC83102C989A20004F8D2C /* IconGrid.swift in Sources */,
				80FC83082C986844004F8D2C /* ExchangeRate.swift in Sources */,
				80FC830A2C9875E6004F8D2C /* SelectCurrency.swift in Sources */,
				80FC83062C98638B004F8D2C /* ExchangeInfo.swift in Sources */,
				80FC82FA2C984035004F8D2C /* ContentView.swift in Sources */,
				80FC83122C98BF3E004F8D2C /* CurrencyTip.swift in Sources */,
				80FC82F82C984035004F8D2C /* LOTRConverterApp.swift in Sources */,
				80FC830E2C989021004F8D2C /* Currency.swift in Sources */,
				80FC830C2C98798E004F8D2C /* CurrencyIcon.swift in Sources */,
			);
			runOnlyForDeploymentPostprocessing = 0;
		};
/* End PBXSourcesBuildPhase section */

/* Begin XCBuildConfiguration section */
		80FC83002C984037004F8D2C /* Debug */ = {
			isa = XCBuildConfiguration;
			buildSettings = {
				ALWAYS_SEARCH_USER_PATHS = NO;
				ASSETCATALOG_COMPILER_GENERATE_SWIFT_ASSET_SYMBOL_EXTENSIONS = YES;
				CLANG_ANALYZER_NONNULL = YES;
				CLANG_ANALYZER_NUMBER_OBJECT_CONVERSION = YES_AGGRESSIVE;
				CLANG_CXX_LANGUAGE_STANDARD = "gnu++20";
				CLANG_ENABLE_MODULES = YES;
				CLANG_ENABLE_OBJC_ARC = YES;
				CLANG_ENABLE_OBJC_WEAK = YES;
				CLANG_WARN_BLOCK_CAPTURE_AUTORELEASING = YES;
				CLANG_WARN_BOOL_CONVERSION = YES;
				CLANG_WARN_COMMA = YES;
				CLANG_WARN_CONSTANT_CONVERSION = YES;
				CLANG_WARN_DEPRECATED_OBJC_IMPLEMENTATIONS = YES;
				CLANG_WARN_DIRECT_OBJC_ISA_USAGE = YES_ERROR;
				CLANG_WARN_DOCUMENTATION_COMMENTS = YES;
				CLANG_WARN_EMPTY_BODY = YES;
				CLANG_WARN_ENUM_CONVERSION = YES;
				CLANG_WARN_INFINITE_RECURSION = YES;
				CLANG_WARN_INT_CONVERSION = YES;
				CLANG_WARN_NON_LITERAL_NULL_CONVERSION = YES;
				CLANG_WARN_OBJC_IMPLICIT_RETAIN_SELF = YES;
				CLANG_WARN_OBJC_LITERAL_CONVERSION = YES;
				CLANG_WARN_OBJC_ROOT_CLASS = YES_ERROR;
				CLANG_WARN_QUOTED_INCLUDE_IN_FRAMEWORK_HEADER = YES;
				CLANG_WARN_RANGE_LOOP_ANALYSIS = YES;
				CLANG_WARN_STRICT_PROTOTYPES = YES;
				CLANG_WARN_SUSPICIOUS_MOVE = YES;
				CLANG_WARN_UNGUARDED_AVAILABILITY = YES_AGGRESSIVE;
				CLANG_WARN_UNREACHABLE_CODE = YES;
				CLANG_WARN__DUPLICATE_METHOD_MATCH = YES;
				COPY_PHASE_STRIP = NO;
				DEBUG_INFORMATION_FORMAT = dwarf;
				ENABLE_STRICT_OBJC_MSGSEND = YES;
				ENABLE_TESTABILITY = YES;
				ENABLE_USER_SCRIPT_SANDBOXING = YES;
				GCC_C_LANGUAGE_STANDARD = gnu17;
				GCC_DYNAMIC_NO_PIC = NO;
				GCC_NO_COMMON_BLOCKS = YES;
				GCC_OPTIMIZATION_LEVEL = 0;
				GCC_PREPROCESSOR_DEFINITIONS = (
					"DEBUG=1",
					"$(inherited)",
				);
				GCC_WARN_64_TO_32_BIT_CONVERSION = YES;
				GCC_WARN_ABOUT_RETURN_TYPE = YES_ERROR;
				GCC_WARN_UNDECLARED_SELECTOR = YES;
				GCC_WARN_UNINITIALIZED_AUTOS = YES_AGGRESSIVE;
				GCC_WARN_UNUSED_FUNCTION = YES;
				GCC_WARN_UNUSED_VARIABLE = YES;
				IPHONEOS_DEPLOYMENT_TARGET = 17.5;
				LOCALIZATION_PREFERS_STRING_CATALOGS = YES;
				MTL_ENABLE_DEBUG_INFO = INCLUDE_SOURCE;
				MTL_FAST_MATH = YES;
				ONLY_ACTIVE_ARCH = YES;
				SDKROOT = iphoneos;
				SWIFT_ACTIVE_COMPILATION_CONDITIONS = "DEBUG $(inherited)";
				SWIFT_OPTIMIZATION_LEVEL = "-Onone";
			};
			name = Debug;
		};
		80FC83012C984037004F8D2C /* Release */ = {
			isa = XCBuildConfiguration;
			buildSettings = {
				ALWAYS_SEARCH_USER_PATHS = NO;
				ASSETCATALOG_COMPILER_GENERATE_SWIFT_ASSET_SYMBOL_EXTENSIONS = YES;
				CLANG_ANALYZER_NONNULL = YES;
				CLANG_ANALYZER_NUMBER_OBJECT_CONVERSION = YES_AGGRESSIVE;
				CLANG_CXX_LANGUAGE_STANDARD = "gnu++20";
				CLANG_ENABLE_MODULES = YES;
				CLANG_ENABLE_OBJC_ARC = YES;
				CLANG_ENABLE_OBJC_WEAK = YES;
				CLANG_WARN_BLOCK_CAPTURE_AUTORELEASING = YES;
				CLANG_WARN_BOOL_CONVERSION = YES;
				CLANG_WARN_COMMA = YES;
				CLANG_WARN_CONSTANT_CONVERSION = YES;
				CLANG_WARN_DEPRECATED_OBJC_IMPLEMENTATIONS = YES;
				CLANG_WARN_DIRECT_OBJC_ISA_USAGE = YES_ERROR;
				CLANG_WARN_DOCUMENTATION_COMMENTS = YES;
				CLANG_WARN_EMPTY_BODY = YES;
				CLANG_WARN_ENUM_CONVERSION = YES;
				CLANG_WARN_INFINITE_RECURSION = YES;
				CLANG_WARN_INT_CONVERSION = YES;
				CLANG_WARN_NON_LITERAL_NULL_CONVERSION = YES;
				CLANG_WARN_OBJC_IMPLICIT_RETAIN_SELF = YES;
				CLANG_WARN_OBJC_LITERAL_CONVERSION = YES;
				CLANG_WARN_OBJC_ROOT_CLASS = YES_ERROR;
				CLANG_WARN_QUOTED_INCLUDE_IN_FRAMEWORK_HEADER = YES;
				CLANG_WARN_RANGE_LOOP_ANALYSIS = YES;
				CLANG_WARN_STRICT_PROTOTYPES = YES;
				CLANG_WARN_SUSPICIOUS_MOVE = YES;
				CLANG_WARN_UNGUARDED_AVAILABILITY = YES_AGGRESSIVE;
				CLANG_WARN_UNREACHABLE_CODE = YES;
				CLANG_WARN__DUPLICATE_METHOD_MATCH = YES;
				COPY_PHASE_STRIP = NO;
				DEBUG_INFORMATION_FORMAT = "dwarf-with-dsym";
				ENABLE_NS_ASSERTIONS = NO;
				ENABLE_STRICT_OBJC_MSGSEND = YES;
				ENABLE_USER_SCRIPT_SANDBOXING = YES;
				GCC_C_LANGUAGE_STANDARD = gnu17;
				GCC_NO_COMMON_BLOCKS = YES;
				GCC_WARN_64_TO_32_BIT_CONVERSION = YES;
				GCC_WARN_ABOUT_RETURN_TYPE = YES_ERROR;
				GCC_WARN_UNDECLARED_SELECTOR = YES;
				GCC_WARN_UNINITIALIZED_AUTOS = YES_AGGRESSIVE;
				GCC_WARN_UNUSED_FUNCTION = YES;
				GCC_WARN_UNUSED_VARIABLE = YES;
				IPHONEOS_DEPLOYMENT_TARGET = 17.5;
				LOCALIZATION_PREFERS_STRING_CATALOGS = YES;
				MTL_ENABLE_DEBUG_INFO = NO;
				MTL_FAST_MATH = YES;
				SDKROOT = iphoneos;
				SWIFT_COMPILATION_MODE = wholemodule;
				VALIDATE_PRODUCT = YES;
			};
			name = Release;
		};
		80FC83032C984037004F8D2C /* Debug */ = {
			isa = XCBuildConfiguration;
			buildSettings = {
				ASSETCATALOG_COMPILER_APPICON_NAME = AppIcon;
				ASSETCATALOG_COMPILER_GLOBAL_ACCENT_COLOR_NAME = AccentColor;
				CODE_SIGN_STYLE = Automatic;
				CURRENT_PROJECT_VERSION = 1;
				DEVELOPMENT_ASSET_PATHS = "\"LOTRConverter/Preview Content\"";
				DEVELOPMENT_TEAM = 3AM9ZHU7VT;
				ENABLE_PREVIEWS = YES;
				GENERATE_INFOPLIST_FILE = YES;
				INFOPLIST_KEY_UIApplicationSceneManifest_Generation = YES;
				INFOPLIST_KEY_UIApplicationSupportsIndirectInputEvents = YES;
				INFOPLIST_KEY_UILaunchScreen_Generation = YES;
				INFOPLIST_KEY_UISupportedInterfaceOrientations_iPad = "UIInterfaceOrientationPortrait UIInterfaceOrientationPortraitUpsideDown UIInterfaceOrientationLandscapeLeft UIInterfaceOrientationLandscapeRight";
				INFOPLIST_KEY_UISupportedInterfaceOrientations_iPhone = "UIInterfaceOrientationPortrait UIInterfaceOrientationLandscapeLeft UIInterfaceOrientationLandscapeRight";
				LD_RUNPATH_SEARCH_PATHS = (
					"$(inherited)",
					"@executable_path/Frameworks",
				);
				MARKETING_VERSION = 1.0;
				PRODUCT_BUNDLE_IDENTIFIER = com.td.LOTRConverter;
				PRODUCT_NAME = "$(TARGET_NAME)";
				SWIFT_EMIT_LOC_STRINGS = YES;
				SWIFT_VERSION = 5.0;
				TARGETED_DEVICE_FAMILY = "1,2";
			};
			name = Debug;
		};
		80FC83042C984037004F8D2C /* Release */ = {
			isa = XCBuildConfiguration;
			buildSettings = {
				ASSETCATALOG_COMPILER_APPICON_NAME = AppIcon;
				ASSETCATALOG_COMPILER_GLOBAL_ACCENT_COLOR_NAME = AccentColor;
				CODE_SIGN_STYLE = Automatic;
				CURRENT_PROJECT_VERSION = 1;
				DEVELOPMENT_ASSET_PATHS = "\"LOTRConverter/Preview Content\"";
				DEVELOPMENT_TEAM = 3AM9ZHU7VT;
				ENABLE_PREVIEWS = YES;
				GENERATE_INFOPLIST_FILE = YES;
				INFOPLIST_KEY_UIApplicationSceneManifest_Generation = YES;
				INFOPLIST_KEY_UIApplicationSupportsIndirectInputEvents = YES;
				INFOPLIST_KEY_UILaunchScreen_Generation = YES;
				INFOPLIST_KEY_UISupportedInterfaceOrientations_iPad = "UIInterfaceOrientationPortrait UIInterfaceOrientationPortraitUpsideDown UIInterfaceOrientationLandscapeLeft UIInterfaceOrientationLandscapeRight";
				INFOPLIST_KEY_UISupportedInterfaceOrientations_iPhone = "UIInterfaceOrientationPortrait UIInterfaceOrientationLandscapeLeft UIInterfaceOrientationLandscapeRight";
				LD_RUNPATH_SEARCH_PATHS = (
					"$(inherited)",
					"@executable_path/Frameworks",
				);
				MARKETING_VERSION = 1.0;
				PRODUCT_BUNDLE_IDENTIFIER = com.td.LOTRConverter;
				PRODUCT_NAME = "$(TARGET_NAME)";
				SWIFT_EMIT_LOC_STRINGS = YES;
				SWIFT_VERSION = 5.0;
				TARGETED_DEVICE_FAMILY = "1,2";
			};
			name = Release;
		};
/* End XCBuildConfiguration section */

/* Begin XCConfigurationList section */
		80FC82EF2C984035004F8D2C /* Build configuration list for PBXProject "LOTRConverter" */ = {
			isa = XCConfigurationList;
			buildConfigurations = (
				80FC83002C984037004F8D2C /* Debug */,
				80FC83012C984037004F8D2C /* Release */,
			);
			defaultConfigurationIsVisible = 0;
			defaultConfigurationName = Release;
		};
		80FC83022C984037004F8D2C /* Build configuration list for PBXNativeTarget "LOTRConverter" */ = {
			isa = XCConfigurationList;
			buildConfigurations = (
				80FC83032C984037004F8D2C /* Debug */,
				80FC83042C984037004F8D2C /* Release */,
			);
			defaultConfigurationIsVisible = 0;
			defaultConfigurationName = Release;
		};
/* End XCConfigurationList section */
	};
	rootObject = 80FC82EC2C984035004F8D2C /* Project object */;
}
